{
  "name": "gen",
  "version": "1.0.0",
  "lockfileVersion": 3,
  "requires": true,
  "packages": {
    "": {
      "name": "gen",
      "version": "1.0.0",
      "license": "MIT",
      "bin": {
        "gen": "bin/gen.js"
      },
      "engines": {
        "node": ">=14.0.0"
      }
    }
  }
}
